
Microsoft Visual Studio Solution File, Format Version 12.00
# Visual Studio Version 17
VisualStudioVersion = 17.10.34928.147
MinimumVisualStudioVersion = 10.0.40219.1
Project("{FAE04EC0-301F-11D3-BF4B-00C04F79EFBC}") = "WorkDaysCalculator", "WorkDaysCalculator\WorkDaysCalculator.csproj", "{2D932895-DE17-4FAD-8223-261949682E8C}"
EndProject
Project("{FAE04EC0-301F-11D3-BF4B-00C04F79EFBC}") = "WorkDayCalculator.Console", "WorkDayCalculator.Console\WorkDayCalculator.Console.csproj", "{E973943A-82B1-4DB4-82D7-47EF0FE232AF}"
EndProject
Global
	GlobalSection(SolutionConfigurationPlatforms) = preSolution
		Debug|Any CPU = Debug|Any CPU
		Release|Any CPU = Release|Any CPU
	EndGlobalSection
	GlobalSection(ProjectConfigurationPlatforms) = postSolution
		{2D932895-DE17-4FAD-8223-261949682E8C}.Debug|Any CPU.ActiveCfg = Debug|Any CPU
		{2D932895-DE17-4FAD-8223-261949682E8C}.Debug|Any CPU.Build.0 = Debug|Any CPU
		{2D932895-DE17-4FAD-8223-261949682E8C}.Release|Any CPU.ActiveCfg = Release|Any CPU
		{2D932895-DE17-4FAD-8223-261949682E8C}.Release|Any CPU.Build.0 = Release|Any CPU
		{E973943A-82B1-4DB4-82D7-47EF0FE232AF}.Debug|Any CPU.ActiveCfg = Debug|Any CPU
		{E973943A-82B1-4DB4-82D7-47EF0FE232AF}.Debug|Any CPU.Build.0 = Debug|Any CPU
		{E973943A-82B1-4DB4-82D7-47EF0FE232AF}.Release|Any CPU.ActiveCfg = Release|Any CPU
		{E973943A-82B1-4DB4-82D7-47EF0FE232AF}.Release|Any CPU.Build.0 = Release|Any CPU
	EndGlobalSection
	GlobalSection(SolutionProperties) = preSolution
		HideSolutionNode = FALSE
	EndGlobalSection
	GlobalSection(ExtensibilityGlobals) = postSolution
		SolutionGuid = {01B784B6-F6FC-4927-AB8E-2F87F407885B}
	EndGlobalSection
EndGlobal
